
Microsoft Visual Studio Solution File, Format Version 12.00
Project("{FAE04EC0-301F-11D3-BF4B-00C04F79EFBC}") = "Jeweler", "Jeweler\Jeweler.csproj", "{186244FA-1C88-4D5F-AD6B-D9865615359F}"
EndProject
Global
	GlobalSection(SolutionConfigurationPlatforms) = preSolution
		Debug|Any CPU = Debug|Any CPU
		Release|Any CPU = Release|Any CPU
	EndGlobalSection
	GlobalSection(ProjectConfigurationPlatforms) = postSolution
		{186244FA-1C88-4D5F-AD6B-D9865615359F}.Debug|Any CPU.ActiveCfg = Debug|Any CPU
		{186244FA-1C88-4D5F-AD6B-D9865615359F}.Debug|Any CPU.Build.0 = Debug|Any CPU
		{186244FA-1C88-4D5F-AD6B-D9865615359F}.Release|Any CPU.ActiveCfg = Release|Any CPU
		{186244FA-1C88-4D5F-AD6B-D9865615359F}.Release|Any CPU.Build.0 = Release|Any CPU
	EndGlobalSection
EndGlobal
